
Microsoft Visual Studio Solution File, Format Version 12.00
# Visual Studio 15
VisualStudioVersion = 15.0.27703.2035
MinimumVisualStudioVersion = 10.0.40219.1
Project("{FAE04EC0-301F-11D3-BF4B-00C04F79EFBC}") = "AzureStorageManager", "AzureStorageManager\AzureStorageManager.csproj", "{66F38692-A758-4346-8A3D-240AA40F6DFB}"
EndProject
Global
	GlobalSection(SolutionConfigurationPlatforms) = preSolution
		Debug|Any CPU = Debug|Any CPU
		Release|Any CPU = Release|Any CPU
	EndGlobalSection
	GlobalSection(ProjectConfigurationPlatforms) = postSolution
		{66F38692-A758-4346-8A3D-240AA40F6DFB}.Debug|Any CPU.ActiveCfg = Debug|Any CPU
		{66F38692-A758-4346-8A3D-240AA40F6DFB}.Debug|Any CPU.Build.0 = Debug|Any CPU
		{66F38692-A758-4346-8A3D-240AA40F6DFB}.Release|Any CPU.ActiveCfg = Release|Any CPU
		{66F38692-A758-4346-8A3D-240AA40F6DFB}.Release|Any CPU.Build.0 = Release|Any CPU
	EndGlobalSection
	GlobalSection(SolutionProperties) = preSolution
		HideSolutionNode = FALSE
	EndGlobalSection
	GlobalSection(ExtensibilityGlobals) = postSolution
		SolutionGuid = {F866F80A-B9C4-43AB-A087-520A16F2AA9B}
	EndGlobalSection
EndGlobal
